
Microsoft Visual Studio Solution File, Format Version 12.00
# Visual Studio 2012
Project("{888888A0-9F3D-457C-B088-3A5042F75D52}") = "ccmaps-web", "ccmaps-web.pyproj", "{B9FDB7E3-2087-4BF5-813F-4C0A8411E757}"
EndProject
Global
	GlobalSection(SolutionConfigurationPlatforms) = preSolution
		Debug|Any CPU = Debug|Any CPU
		Release|Any CPU = Release|Any CPU
	EndGlobalSection
	GlobalSection(ProjectConfigurationPlatforms) = postSolution
		{B9FDB7E3-2087-4BF5-813F-4C0A8411E757}.Debug|Any CPU.ActiveCfg = Debug|Any CPU
		{B9FDB7E3-2087-4BF5-813F-4C0A8411E757}.Debug|Any CPU.Build.0 = Debug|Any CPU
		{B9FDB7E3-2087-4BF5-813F-4C0A8411E757}.Release|Any CPU.ActiveCfg = Release|Any CPU
		{B9FDB7E3-2087-4BF5-813F-4C0A8411E757}.Release|Any CPU.Build.0 = Release|Any CPU
	EndGlobalSection
	GlobalSection(SolutionProperties) = preSolution
		HideSolutionNode = FALSE
	EndGlobalSection
EndGlobal
